
Microsoft Visual Studio Solution File, Format Version 12.00
# Visual Studio 15
VisualStudioVersion = 15.0.34031.82
MinimumVisualStudioVersion = 10.0.40219.1
Project("{8BC9CEB8-8B4A-11D0-8D11-00A0C91BC942}") = "P27", "P27\P27.vcxproj", "{708A4871-D7B9-4896-BBC5-D673B582D822}"
EndProject
Global
	GlobalSection(SolutionConfigurationPlatforms) = preSolution
		Debug|x64 = Debug|x64
		Debug|x86 = Debug|x86
		Release|x64 = Release|x64
		Release|x86 = Release|x86
	EndGlobalSection
	GlobalSection(ProjectConfigurationPlatforms) = postSolution
		{708A4871-D7B9-4896-BBC5-D673B582D822}.Debug|x64.ActiveCfg = Debug|x64
		{708A4871-D7B9-4896-BBC5-D673B582D822}.Debug|x64.Build.0 = Debug|x64
		{708A4871-D7B9-4896-BBC5-D673B582D822}.Debug|x86.ActiveCfg = Debug|Win32
		{708A4871-D7B9-4896-BBC5-D673B582D822}.Debug|x86.Build.0 = Debug|Win32
		{708A4871-D7B9-4896-BBC5-D673B582D822}.Release|x64.ActiveCfg = Release|x64
		{708A4871-D7B9-4896-BBC5-D673B582D822}.Release|x64.Build.0 = Release|x64
		{708A4871-D7B9-4896-BBC5-D673B582D822}.Release|x86.ActiveCfg = Release|Win32
		{708A4871-D7B9-4896-BBC5-D673B582D822}.Release|x86.Build.0 = Release|Win32
	EndGlobalSection
	GlobalSection(SolutionProperties) = preSolution
		HideSolutionNode = FALSE
	EndGlobalSection
	GlobalSection(ExtensibilityGlobals) = postSolution
		SolutionGuid = {F0D62D16-C11B-4E6D-8BA0-B681B5AA8A86}
	EndGlobalSection
EndGlobal
