
Microsoft Visual Studio Solution File, Format Version 12.00
# Visual Studio 15
VisualStudioVersion = 15.0.34031.82
MinimumVisualStudioVersion = 10.0.40219.1
Project("{8BC9CEB8-8B4A-11D0-8D11-00A0C91BC942}") = "P21", "P21\P21.vcxproj", "{A447D1B9-A829-4FC7-8B4F-C0BF8754161F}"
EndProject
Global
	GlobalSection(SolutionConfigurationPlatforms) = preSolution
		Debug|x64 = Debug|x64
		Debug|x86 = Debug|x86
		Release|x64 = Release|x64
		Release|x86 = Release|x86
	EndGlobalSection
	GlobalSection(ProjectConfigurationPlatforms) = postSolution
		{A447D1B9-A829-4FC7-8B4F-C0BF8754161F}.Debug|x64.ActiveCfg = Debug|x64
		{A447D1B9-A829-4FC7-8B4F-C0BF8754161F}.Debug|x64.Build.0 = Debug|x64
		{A447D1B9-A829-4FC7-8B4F-C0BF8754161F}.Debug|x86.ActiveCfg = Debug|Win32
		{A447D1B9-A829-4FC7-8B4F-C0BF8754161F}.Debug|x86.Build.0 = Debug|Win32
		{A447D1B9-A829-4FC7-8B4F-C0BF8754161F}.Release|x64.ActiveCfg = Release|x64
		{A447D1B9-A829-4FC7-8B4F-C0BF8754161F}.Release|x64.Build.0 = Release|x64
		{A447D1B9-A829-4FC7-8B4F-C0BF8754161F}.Release|x86.ActiveCfg = Release|Win32
		{A447D1B9-A829-4FC7-8B4F-C0BF8754161F}.Release|x86.Build.0 = Release|Win32
	EndGlobalSection
	GlobalSection(SolutionProperties) = preSolution
		HideSolutionNode = FALSE
	EndGlobalSection
	GlobalSection(ExtensibilityGlobals) = postSolution
		SolutionGuid = {941F37E0-913D-4932-846C-7ED50B362393}
	EndGlobalSection
EndGlobal
